// !$*UTF8*$!
{
	archiveVersion = 1;
	classes = {
	};
	objectVersion = 55;
	objects = {

/* Begin PBXBuildFile section */
		F642A2CF281B67B400C9A487 /* AppDelegate.swift in Sources */ = {isa = PBXBuildFile; fileRef = F642A2CE281B67B400C9A487 /* AppDelegate.swift */; };
		F642A2D1281B67B400C9A487 /* SceneDelegate.swift in Sources */ = {isa = PBXBuildFile; fileRef = F642A2D0281B67B400C9A487 /* SceneDelegate.swift */; };
		F642A2D8281B67B600C9A487 /* Assets.xcassets in Resources */ = {isa = PBXBuildFile; fileRef = F642A2D7281B67B600C9A487 /* Assets.xcassets */; };
		F642A2DB281B67B600C9A487 /* LaunchScreen.storyboard in Resources */ = {isa = PBXBuildFile; fileRef = F642A2D9281B67B600C9A487 /* LaunchScreen.storyboard */; };
		F642A2E7281B685100C9A487 /* HomeView.swift in Sources */ = {isa = PBXBuildFile; fileRef = F642A2E6281B685100C9A487 /* HomeView.swift */; };
		F642A2E9281B686000C9A487 /* HomeViewController.swift in Sources */ = {isa = PBXBuildFile; fileRef = F642A2E8281B686000C9A487 /* HomeViewController.swift */; };
		F642A2EB281B69E800C9A487 /* Viewcode.swift in Sources */ = {isa = PBXBuildFile; fileRef = F642A2EA281B69E800C9A487 /* Viewcode.swift */; };
/* End PBXBuildFile section */

/* Begin PBXFileReference section */
		F642A2CB281B67B400C9A487 /* WeatherAppViewcode.app */ = {isa = PBXFileReference; explicitFileType = wrapper.application; includeInIndex = 0; path = WeatherAppViewcode.app; sourceTree = BUILT_PRODUCTS_DIR; };
		F642A2CE281B67B400C9A487 /* AppDelegate.swift */ = {isa = PBXFileReference; lastKnownFileType = sourcecode.swift; path = AppDelegate.swift; sourceTree = "<group>"; };
		F642A2D0281B67B400C9A487 /* SceneDelegate.swift */ = {isa = PBXFileReference; lastKnownFileType = sourcecode.swift; path = SceneDelegate.swift; sourceTree = "<group>"; };
		F642A2D7281B67B600C9A487 /* Assets.xcassets */ = {isa = PBXFileReference; lastKnownFileType = folder.assetcatalog; path = Assets.xcassets; sourceTree = "<group>"; };
		F642A2DA281B67B600C9A487 /* Base */ = {isa = PBXFileReference; lastKnownFileType = file.storyboard; name = Base; path = Base.lproj/LaunchScreen.storyboard; sourceTree = "<group>"; };
		F642A2DC281B67B600C9A487 /* Info.plist */ = {isa = PBXFileReference; lastKnownFileType = text.plist.xml; path = Info.plist; sourceTree = "<group>"; };
		F642A2E6281B685100C9A487 /* HomeView.swift */ = {isa = PBXFileReference; lastKnownFileType = sourcecode.swift; path = HomeView.swift; sourceTree = "<group>"; };
		F642A2E8281B686000C9A487 /* HomeViewController.swift */ = {isa = PBXFileReference; lastKnownFileType = sourcecode.swift; path = HomeViewController.swift; sourceTree = "<group>"; };
		F642A2EA281B69E800C9A487 /* Viewcode.swift */ = {isa = PBXFileReference; lastKnownFileType = sourcecode.swift; path = Viewcode.swift; sourceTree = "<group>"; };
/* End PBXFileReference section */

/* Begin PBXFrameworksBuildPhase section */
		F642A2C8281B67B400C9A487 /* Frameworks */ = {
			isa = PBXFrameworksBuildPhase;
			buildActionMask = 2147483647;
			files = (
			);
			runOnlyForDeploymentPostprocessing = 0;
		};
/* End PBXFrameworksBuildPhase section */

/* Begin PBXGroup section */
		F642A2C2281B67B400C9A487 = {
			isa = PBXGroup;
			children = (
				F642A2CD281B67B400C9A487 /* WeatherAppViewcode */,
				F642A2CC281B67B400C9A487 /* Products */,
			);
			sourceTree = "<group>";
		};
		F642A2CC281B67B400C9A487 /* Products */ = {
			isa = PBXGroup;
			children = (
				F642A2CB281B67B400C9A487 /* WeatherAppViewcode.app */,
			);
			name = Products;
			sourceTree = "<group>";
		};
		F642A2CD281B67B400C9A487 /* WeatherAppViewcode */ = {
			isa = PBXGroup;
			children = (
				F642A2E4281B67E700C9A487 /* Scene */,
				F642A2E3281B67DD00C9A487 /* Resource */,
				F642A2E2281B67D500C9A487 /* Source */,
			);
			path = WeatherAppViewcode;
			sourceTree = "<group>";
		};
		F642A2E2281B67D500C9A487 /* Source */ = {
			isa = PBXGroup;
			children = (
				F642A2CE281B67B400C9A487 /* AppDelegate.swift */,
				F642A2D0281B67B400C9A487 /* SceneDelegate.swift */,
			);
			path = Source;
			sourceTree = "<group>";
		};
		F642A2E3281B67DD00C9A487 /* Resource */ = {
			isa = PBXGroup;
			children = (
				F642A2D7281B67B600C9A487 /* Assets.xcassets */,
				F642A2D9281B67B600C9A487 /* LaunchScreen.storyboard */,
				F642A2DC281B67B600C9A487 /* Info.plist */,
			);
			path = Resource;
			sourceTree = "<group>";
		};
		F642A2E4281B67E700C9A487 /* Scene */ = {
			isa = PBXGroup;
			children = (
				F642A2E5281B680100C9A487 /* Home */,
				F642A2EA281B69E800C9A487 /* Viewcode.swift */,
			);
			path = Scene;
			sourceTree = "<group>";
		};
		F642A2E5281B680100C9A487 /* Home */ = {
			isa = PBXGroup;
			children = (
				F642A2E6281B685100C9A487 /* HomeView.swift */,
				F642A2E8281B686000C9A487 /* HomeViewController.swift */,
			);
			path = Home;
			sourceTree = "<group>";
		};
/* End PBXGroup section */

/* Begin PBXNativeTarget section */
		F642A2CA281B67B400C9A487 /* WeatherAppViewcode */ = {
			isa = PBXNativeTarget;
			buildConfigurationList = F642A2DF281B67B600C9A487 /* Build configuration list for PBXNativeTarget "WeatherAppViewcode" */;
			buildPhases = (
				F642A2C7281B67B400C9A487 /* Sources */,
				F642A2C8281B67B400C9A487 /* Frameworks */,
				F642A2C9281B67B400C9A487 /* Resources */,
			);
			buildRules = (
			);
			dependencies = (
			);
			name = WeatherAppViewcode;
			productName = WeatherAppViewcode;
			productReference = F642A2CB281B67B400C9A487 /* WeatherAppViewcode.app */;
			productType = "com.apple.product-type.application";
		};
/* End PBXNativeTarget section */

/* Begin PBXProject section */
		F642A2C3281B67B400C9A487 /* Project object */ = {
			isa = PBXProject;
			attributes = {
				BuildIndependentTargetsInParallel = 1;
				LastSwiftUpdateCheck = 1330;
				LastUpgradeCheck = 1330;
				TargetAttributes = {
					F642A2CA281B67B400C9A487 = {
						CreatedOnToolsVersion = 13.3.1;
					};
				};
			};
			buildConfigurationList = F642A2C6281B67B400C9A487 /* Build configuration list for PBXProject "WeatherAppViewcode" */;
			compatibilityVersion = "Xcode 13.0";
			developmentRegion = en;
			hasScannedForEncodings = 0;
			knownRegions = (
				en,
				Base,
			);
			mainGroup = F642A2C2281B67B400C9A487;
			productRefGroup = F642A2CC281B67B400C9A487 /* Products */;
			projectDirPath = "";
			projectRoot = "";
			targets = (
				F642A2CA281B67B400C9A487 /* WeatherAppViewcode */,
			);
		};
/* End PBXProject section */

/* Begin PBXResourcesBuildPhase section */
		F642A2C9281B67B400C9A487 /* Resources */ = {
			isa = PBXResourcesBuildPhase;
			buildActionMask = 2147483647;
			files = (
				F642A2DB281B67B600C9A487 /* LaunchScreen.storyboard in Resources */,
				F642A2D8281B67B600C9A487 /* Assets.xcassets in Resources */,
			);
			runOnlyForDeploymentPostprocessing = 0;
		};
/* End PBXResourcesBuildPhase section */

/* Begin PBXSourcesBuildPhase section */
		F642A2C7281B67B400C9A487 /* Sources */ = {
			isa = PBXSourcesBuildPhase;
			buildActionMask = 2147483647;
			files = (
				F642A2E7281B685100C9A487 /* HomeView.swift in Sources */,
				F642A2CF281B67B400C9A487 /* AppDelegate.swift in Sources */,
				F642A2D1281B67B400C9A487 /* SceneDelegate.swift in Sources */,
				F642A2E9281B686000C9A487 /* HomeViewController.swift in Sources */,
				F642A2EB281B69E800C9A487 /* Viewcode.swift in Sources */,
			);
			runOnlyForDeploymentPostprocessing = 0;
		};
/* End PBXSourcesBuildPhase section */

/* Begin PBXVariantGroup section */
		F642A2D9281B67B600C9A487 /* LaunchScreen.storyboard */ = {
			isa = PBXVariantGroup;
			children = (
				F642A2DA281B67B600C9A487 /* Base */,
			);
			name = LaunchScreen.storyboard;
			sourceTree = "<group>";
		};
/* End PBXVariantGroup section */

/* Begin XCBuildConfiguration section */
		F642A2DD281B67B600C9A487 /* Debug */ = {
			isa = XCBuildConfiguration;
			buildSettings = {
				ALWAYS_SEARCH_USER_PATHS = NO;
				CLANG_ANALYZER_NONNULL = YES;
				CLANG_ANALYZER_NUMBER_OBJECT_CONVERSION = YES_AGGRESSIVE;
				CLANG_CXX_LANGUAGE_STANDARD = "gnu++17";
				CLANG_ENABLE_MODULES = YES;
				CLANG_ENABLE_OBJC_ARC = YES;
				CLANG_ENABLE_OBJC_WEAK = YES;
				CLANG_WARN_BLOCK_CAPTURE_AUTORELEASING = YES;
				CLANG_WARN_BOOL_CONVERSION = YES;
				CLANG_WARN_COMMA = YES;
				CLANG_WARN_CONSTANT_CONVERSION = YES;
				CLANG_WARN_DEPRECATED_OBJC_IMPLEMENTATIONS = YES;
				CLANG_WARN_DIRECT_OBJC_ISA_USAGE = YES_ERROR;
				CLANG_WARN_DOCUMENTATION_COMMENTS = YES;
				CLANG_WARN_EMPTY_BODY = YES;
				CLANG_WARN_ENUM_CONVERSION = YES;
				CLANG_WARN_INFINITE_RECURSION = YES;
				CLANG_WARN_INT_CONVERSION = YES;
				CLANG_WARN_NON_LITERAL_NULL_CONVERSION = YES;
				CLANG_WARN_OBJC_IMPLICIT_RETAIN_SELF = YES;
				CLANG_WARN_OBJC_LITERAL_CONVERSION = YES;
				CLANG_WARN_OBJC_ROOT_CLASS = YES_ERROR;
				CLANG_WARN_QUOTED_INCLUDE_IN_FRAMEWORK_HEADER = YES;
				CLANG_WARN_RANGE_LOOP_ANALYSIS = YES;
				CLANG_WARN_STRICT_PROTOTYPES = YES;
				CLANG_WARN_SUSPICIOUS_MOVE = YES;
				CLANG_WARN_UNGUARDED_AVAILABILITY = YES_AGGRESSIVE;
				CLANG_WARN_UNREACHABLE_CODE = YES;
				CLANG_WARN__DUPLICATE_METHOD_MATCH = YES;
				COPY_PHASE_STRIP = NO;
				DEBUG_INFORMATION_FORMAT = dwarf;
				ENABLE_STRICT_OBJC_MSGSEND = YES;
				ENABLE_TESTABILITY = YES;
				GCC_C_LANGUAGE_STANDARD = gnu11;
				GCC_DYNAMIC_NO_PIC = NO;
				GCC_NO_COMMON_BLOCKS = YES;
				GCC_OPTIMIZATION_LEVEL = 0;
				GCC_PREPROCESSOR_DEFINITIONS = (
					"DEBUG=1",
					"$(inherited)",
				);
				GCC_WARN_64_TO_32_BIT_CONVERSION = YES;
				GCC_WARN_ABOUT_RETURN_TYPE = YES_ERROR;
				GCC_WARN_UNDECLARED_SELECTOR = YES;
				GCC_WARN_UNINITIALIZED_AUTOS = YES_AGGRESSIVE;
				GCC_WARN_UNUSED_FUNCTION = YES;
				GCC_WARN_UNUSED_VARIABLE = YES;
				IPHONEOS_DEPLOYMENT_TARGET = 15.4;
				MTL_ENABLE_DEBUG_INFO = INCLUDE_SOURCE;
				MTL_FAST_MATH = YES;
				ONLY_ACTIVE_ARCH = YES;
				SDKROOT = iphoneos;
				SWIFT_ACTIVE_COMPILATION_CONDITIONS = DEBUG;
				SWIFT_OPTIMIZATION_LEVEL = "-Onone";
			};
			name = Debug;
		};
		F642A2DE281B67B600C9A487 /* Release */ = {
			isa = XCBuildConfiguration;
			buildSettings = {
				ALWAYS_SEARCH_USER_PATHS = NO;
				CLANG_ANALYZER_NONNULL = YES;
				CLANG_ANALYZER_NUMBER_OBJECT_CONVERSION = YES_AGGRESSIVE;
				CLANG_CXX_LANGUAGE_STANDARD = "gnu++17";
				CLANG_ENABLE_MODULES = YES;
				CLANG_ENABLE_OBJC_ARC = YES;
				CLANG_ENABLE_OBJC_WEAK = YES;
				CLANG_WARN_BLOCK_CAPTURE_AUTORELEASING = YES;
				CLANG_WARN_BOOL_CONVERSION = YES;
				CLANG_WARN_COMMA = YES;
				CLANG_WARN_CONSTANT_CONVERSION = YES;
				CLANG_WARN_DEPRECATED_OBJC_IMPLEMENTATIONS = YES;
				CLANG_WARN_DIRECT_OBJC_ISA_USAGE = YES_ERROR;
				CLANG_WARN_DOCUMENTATION_COMMENTS = YES;
				CLANG_WARN_EMPTY_BODY = YES;
				CLANG_WARN_ENUM_CONVERSION = YES;
				CLANG_WARN_INFINITE_RECURSION = YES;
				CLANG_WARN_INT_CONVERSION = YES;
				CLANG_WARN_NON_LITERAL_NULL_CONVERSION = YES;
				CLANG_WARN_OBJC_IMPLICIT_RETAIN_SELF = YES;
				CLANG_WARN_OBJC_LITERAL_CONVERSION = YES;
				CLANG_WARN_OBJC_ROOT_CLASS = YES_ERROR;
				CLANG_WARN_QUOTED_INCLUDE_IN_FRAMEWORK_HEADER = YES;
				CLANG_WARN_RANGE_LOOP_ANALYSIS = YES;
				CLANG_WARN_STRICT_PROTOTYPES = YES;
				CLANG_WARN_SUSPICIOUS_MOVE = YES;
				CLANG_WARN_UNGUARDED_AVAILABILITY = YES_AGGRESSIVE;
				CLANG_WARN_UNREACHABLE_CODE = YES;
				CLANG_WARN__DUPLICATE_METHOD_MATCH = YES;
				COPY_PHASE_STRIP = NO;
				DEBUG_INFORMATION_FORMAT = "dwarf-with-dsym";
				ENABLE_NS_ASSERTIONS = NO;
				ENABLE_STRICT_OBJC_MSGSEND = YES;
				GCC_C_LANGUAGE_STANDARD = gnu11;
				GCC_NO_COMMON_BLOCKS = YES;
				GCC_WARN_64_TO_32_BIT_CONVERSION = YES;
				GCC_WARN_ABOUT_RETURN_TYPE = YES_ERROR;
				GCC_WARN_UNDECLARED_SELECTOR = YES;
				GCC_WARN_UNINITIALIZED_AUTOS = YES_AGGRESSIVE;
				GCC_WARN_UNUSED_FUNCTION = YES;
				GCC_WARN_UNUSED_VARIABLE = YES;
				IPHONEOS_DEPLOYMENT_TARGET = 15.4;
				MTL_ENABLE_DEBUG_INFO = NO;
				MTL_FAST_MATH = YES;
				SDKROOT = iphoneos;
				SWIFT_COMPILATION_MODE = wholemodule;
				SWIFT_OPTIMIZATION_LEVEL = "-O";
				VALIDATE_PRODUCT = YES;
			};
			name = Release;
		};
		F642A2E0281B67B600C9A487 /* Debug */ = {
			isa = XCBuildConfiguration;
			buildSettings = {
				ASSETCATALOG_COMPILER_APPICON_NAME = AppIcon;
				ASSETCATALOG_COMPILER_GLOBAL_ACCENT_COLOR_NAME = AccentColor;
				CODE_SIGN_STYLE = Automatic;
				CURRENT_PROJECT_VERSION = 1;
				DEVELOPMENT_TEAM = B792F458DS;
				GENERATE_INFOPLIST_FILE = YES;
				INFOPLIST_FILE = WeatherAppViewcode/Resource/Info.plist;
				INFOPLIST_KEY_UIApplicationSupportsIndirectInputEvents = YES;
				INFOPLIST_KEY_UILaunchStoryboardName = LaunchScreen;
				INFOPLIST_KEY_UISupportedInterfaceOrientations_iPad = "UIInterfaceOrientationPortrait UIInterfaceOrientationPortraitUpsideDown UIInterfaceOrientationLandscapeLeft UIInterfaceOrientationLandscapeRight";
				INFOPLIST_KEY_UISupportedInterfaceOrientations_iPhone = "UIInterfaceOrientationPortrait UIInterfaceOrientationLandscapeLeft UIInterfaceOrientationLandscapeRight";
				LD_RUNPATH_SEARCH_PATHS = (
					"$(inherited)",
					"@executable_path/Frameworks",
				);
				MARKETING_VERSION = 1.0;
				PRODUCT_BUNDLE_IDENTIFIER = com.thyagoraphael.WeatherAppViewcode;
				PRODUCT_NAME = "$(TARGET_NAME)";
				SWIFT_EMIT_LOC_STRINGS = YES;
				SWIFT_VERSION = 5.0;
				TARGETED_DEVICE_FAMILY = "1,2";
			};
			name = Debug;
		};
		F642A2E1281B67B600C9A487 /* Release */ = {
			isa = XCBuildConfiguration;
			buildSettings = {
				ASSETCATALOG_COMPILER_APPICON_NAME = AppIcon;
				ASSETCATALOG_COMPILER_GLOBAL_ACCENT_COLOR_NAME = AccentColor;
				CODE_SIGN_STYLE = Automatic;
				CURRENT_PROJECT_VERSION = 1;
				DEVELOPMENT_TEAM = B792F458DS;
				GENERATE_INFOPLIST_FILE = YES;
				INFOPLIST_FILE = WeatherAppViewcode/Resource/Info.plist;
				INFOPLIST_KEY_UIApplicationSupportsIndirectInputEvents = YES;
				INFOPLIST_KEY_UILaunchStoryboardName = LaunchScreen;
				INFOPLIST_KEY_UISupportedInterfaceOrientations_iPad = "UIInterfaceOrientationPortrait UIInterfaceOrientationPortraitUpsideDown UIInterfaceOrientationLandscapeLeft UIInterfaceOrientationLandscapeRight";
				INFOPLIST_KEY_UISupportedInterfaceOrientations_iPhone = "UIInterfaceOrientationPortrait UIInterfaceOrientationLandscapeLeft UIInterfaceOrientationLandscapeRight";
				LD_RUNPATH_SEARCH_PATHS = (
					"$(inherited)",
					"@executable_path/Frameworks",
				);
				MARKETING_VERSION = 1.0;
				PRODUCT_BUNDLE_IDENTIFIER = com.thyagoraphael.WeatherAppViewcode;
				PRODUCT_NAME = "$(TARGET_NAME)";
				SWIFT_EMIT_LOC_STRINGS = YES;
				SWIFT_VERSION = 5.0;
				TARGETED_DEVICE_FAMILY = "1,2";
			};
			name = Release;
		};
/* End XCBuildConfiguration section */

/* Begin XCConfigurationList section */
		F642A2C6281B67B400C9A487 /* Build configuration list for PBXProject "WeatherAppViewcode" */ = {
			isa = XCConfigurationList;
			buildConfigurations = (
				F642A2DD281B67B600C9A487 /* Debug */,
				F642A2DE281B67B600C9A487 /* Release */,
			);
			defaultConfigurationIsVisible = 0;
			defaultConfigurationName = Release;
		};
		F642A2DF281B67B600C9A487 /* Build configuration list for PBXNativeTarget "WeatherAppViewcode" */ = {
			isa = XCConfigurationList;
			buildConfigurations = (
				F642A2E0281B67B600C9A487 /* Debug */,
				F642A2E1281B67B600C9A487 /* Release */,
			);
			defaultConfigurationIsVisible = 0;
			defaultConfigurationName = Release;
		};
/* End XCConfigurationList section */
	};
	rootObject = F642A2C3281B67B400C9A487 /* Project object */;
}
